
Microsoft Visual Studio Solution File, Format Version 12.00
# Visual Studio Version 17
VisualStudioVersion = 17.8.34330.188
MinimumVisualStudioVersion = 10.0.40219.1
Project("{FAE04EC0-301F-11D3-BF4B-00C04F79EFBC}") = "WpfExplorer", "WpfExplorer\WpfExplorer.csproj", "{4D38D5AC-23B3-4AE4-BF08-86A99C3928E7}"
EndProject
Project("{FAE04EC0-301F-11D3-BF4B-00C04F79EFBC}") = "WpfExplorerSupport", "WpfExplorerSupport\WpfExplorerSupport.csproj", "{B1C44251-1488-4D37-B4A2-4DE1C0D63007}"
EndProject
Global
	GlobalSection(SolutionConfigurationPlatforms) = preSolution
		Debug|Any CPU = Debug|Any CPU
		Release|Any CPU = Release|Any CPU
	EndGlobalSection
	GlobalSection(ProjectConfigurationPlatforms) = postSolution
		{4D38D5AC-23B3-4AE4-BF08-86A99C3928E7}.Debug|Any CPU.ActiveCfg = Debug|Any CPU
		{4D38D5AC-23B3-4AE4-BF08-86A99C3928E7}.Debug|Any CPU.Build.0 = Debug|Any CPU
		{4D38D5AC-23B3-4AE4-BF08-86A99C3928E7}.Release|Any CPU.ActiveCfg = Release|Any CPU
		{4D38D5AC-23B3-4AE4-BF08-86A99C3928E7}.Release|Any CPU.Build.0 = Release|Any CPU
		{B1C44251-1488-4D37-B4A2-4DE1C0D63007}.Debug|Any CPU.ActiveCfg = Debug|Any CPU
		{B1C44251-1488-4D37-B4A2-4DE1C0D63007}.Debug|Any CPU.Build.0 = Debug|Any CPU
		{B1C44251-1488-4D37-B4A2-4DE1C0D63007}.Release|Any CPU.ActiveCfg = Release|Any CPU
		{B1C44251-1488-4D37-B4A2-4DE1C0D63007}.Release|Any CPU.Build.0 = Release|Any CPU
	EndGlobalSection
	GlobalSection(SolutionProperties) = preSolution
		HideSolutionNode = FALSE
	EndGlobalSection
	GlobalSection(ExtensibilityGlobals) = postSolution
		SolutionGuid = {80FF7BD5-A8D0-4C85-B784-BC900E1CA95C}
	EndGlobalSection
EndGlobal
